
Microsoft Visual Studio Solution File, Format Version 12.00
# Visual Studio Version 16
VisualStudioVersion = 16.0.31729.503
MinimumVisualStudioVersion = 10.0.40219.1
Project("{FAE04EC0-301F-11D3-BF4B-00C04F79EFBC}") = "WinDataBindingWPF", "WinDataBindingWPF\WinDataBindingWPF.csproj", "{B1731038-C503-4AD8-866B-4EDD7E14D57D}"
EndProject
Global
	GlobalSection(SolutionConfigurationPlatforms) = preSolution
		Debug|Any CPU = Debug|Any CPU
		Release|Any CPU = Release|Any CPU
	EndGlobalSection
	GlobalSection(ProjectConfigurationPlatforms) = postSolution
		{B1731038-C503-4AD8-866B-4EDD7E14D57D}.Debug|Any CPU.ActiveCfg = Debug|Any CPU
		{B1731038-C503-4AD8-866B-4EDD7E14D57D}.Debug|Any CPU.Build.0 = Debug|Any CPU
		{B1731038-C503-4AD8-866B-4EDD7E14D57D}.Release|Any CPU.ActiveCfg = Release|Any CPU
		{B1731038-C503-4AD8-866B-4EDD7E14D57D}.Release|Any CPU.Build.0 = Release|Any CPU
	EndGlobalSection
	GlobalSection(SolutionProperties) = preSolution
		HideSolutionNode = FALSE
	EndGlobalSection
	GlobalSection(ExtensibilityGlobals) = postSolution
		SolutionGuid = {FC559D2F-57D5-45D7-830F-2D4B8DDBE7D7}
	EndGlobalSection
EndGlobal
